
Microsoft Visual Studio Solution File, Format Version 12.00
# Visual Studio 2012
Project("{FAE04EC0-301F-11D3-BF4B-00C04F79EFBC}") = "MyGCCollectClass", "MyGCCollectClass\MyGCCollectClass.csproj", "{FE23F096-D4B8-4BE9-94F9-E10CFBF3B0C5}"
EndProject
Global
	GlobalSection(SolutionConfigurationPlatforms) = preSolution
		Debug|x86 = Debug|x86
		Release|x86 = Release|x86
	EndGlobalSection
	GlobalSection(ProjectConfigurationPlatforms) = postSolution
		{FE23F096-D4B8-4BE9-94F9-E10CFBF3B0C5}.Debug|x86.ActiveCfg = Debug|x86
		{FE23F096-D4B8-4BE9-94F9-E10CFBF3B0C5}.Debug|x86.Build.0 = Debug|x86
		{FE23F096-D4B8-4BE9-94F9-E10CFBF3B0C5}.Release|x86.ActiveCfg = Release|x86
		{FE23F096-D4B8-4BE9-94F9-E10CFBF3B0C5}.Release|x86.Build.0 = Release|x86
	EndGlobalSection
EndGlobal
